
Microsoft Visual Studio Solution File, Format Version 12.00
# Visual Studio 14
VisualStudioVersion = 14.0.25420.1
MinimumVisualStudioVersion = 10.0.40219.1
Project("{FAE04EC0-301F-11D3-BF4B-00C04F79EFBC}") = "Shockah.OverwatchHealth", "Shockah.OverwatchHealth\Shockah.OverwatchHealth.csproj", "{8298EAB6-0586-4BDA-9483-83624B66B13A}"
EndProject
Project("{FAE04EC0-301F-11D3-BF4B-00C04F79EFBC}") = "Shockah.ItemAffix", "Shockah.ItemAffix\Shockah.ItemAffix.csproj", "{F42F0562-13AC-47A3-BB02-AD6AB263445D}"
EndProject
Project("{FAE04EC0-301F-11D3-BF4B-00C04F79EFBC}") = "Shockah.Utils", "Shockah.Utils\Shockah.Utils.csproj", "{C3A40F8D-535B-49C2-B2B9-96FFC96AB903}"
EndProject
Project("{FAE04EC0-301F-11D3-BF4B-00C04F79EFBC}") = "Terraria", "..\tModLoader\src\Terraria\Terraria.csproj", "{3996D5FA-6E59-4FE4-9F2B-40EEEF9645D5}"
EndProject
Global
	GlobalSection(SolutionConfigurationPlatforms) = preSolution
		Debug|Any CPU = Debug|Any CPU
		Debug|x86 = Debug|x86
		LinuxRelease|Any CPU = LinuxRelease|Any CPU
		LinuxRelease|x86 = LinuxRelease|x86
		LinuxServerRelease|Any CPU = LinuxServerRelease|Any CPU
		LinuxServerRelease|x86 = LinuxServerRelease|x86
		MacRelease|Any CPU = MacRelease|Any CPU
		MacRelease|x86 = MacRelease|x86
		MacServerRelease|Any CPU = MacServerRelease|Any CPU
		MacServerRelease|x86 = MacServerRelease|x86
		Release|Any CPU = Release|Any CPU
		Release|x86 = Release|x86
		WindowsDebug|Any CPU = WindowsDebug|Any CPU
		WindowsDebug|x86 = WindowsDebug|x86
		WindowsRelease|Any CPU = WindowsRelease|Any CPU
		WindowsRelease|x86 = WindowsRelease|x86
		WindowsServerDebug|Any CPU = WindowsServerDebug|Any CPU
		WindowsServerDebug|x86 = WindowsServerDebug|x86
		WindowsServerRelease|Any CPU = WindowsServerRelease|Any CPU
		WindowsServerRelease|x86 = WindowsServerRelease|x86
	EndGlobalSection
	GlobalSection(ProjectConfigurationPlatforms) = postSolution
		{8298EAB6-0586-4BDA-9483-83624B66B13A}.Debug|Any CPU.ActiveCfg = Debug|Any CPU
		{8298EAB6-0586-4BDA-9483-83624B66B13A}.Debug|Any CPU.Build.0 = Debug|Any CPU
		{8298EAB6-0586-4BDA-9483-83624B66B13A}.Debug|x86.ActiveCfg = Debug|Any CPU
		{8298EAB6-0586-4BDA-9483-83624B66B13A}.Debug|x86.Build.0 = Debug|Any CPU
		{8298EAB6-0586-4BDA-9483-83624B66B13A}.LinuxRelease|Any CPU.ActiveCfg = Release|Any CPU
		{8298EAB6-0586-4BDA-9483-83624B66B13A}.LinuxRelease|Any CPU.Build.0 = Release|Any CPU
		{8298EAB6-0586-4BDA-9483-83624B66B13A}.LinuxRelease|x86.ActiveCfg = Release|Any CPU
		{8298EAB6-0586-4BDA-9483-83624B66B13A}.LinuxRelease|x86.Build.0 = Release|Any CPU
		{8298EAB6-0586-4BDA-9483-83624B66B13A}.LinuxServerRelease|Any CPU.ActiveCfg = Release|Any CPU
		{8298EAB6-0586-4BDA-9483-83624B66B13A}.LinuxServerRelease|Any CPU.Build.0 = Release|Any CPU
		{8298EAB6-0586-4BDA-9483-83624B66B13A}.LinuxServerRelease|x86.ActiveCfg = Release|Any CPU
		{8298EAB6-0586-4BDA-9483-83624B66B13A}.LinuxServerRelease|x86.Build.0 = Release|Any CPU
		{8298EAB6-0586-4BDA-9483-83624B66B13A}.MacRelease|Any CPU.ActiveCfg = Release|Any CPU
		{8298EAB6-0586-4BDA-9483-83624B66B13A}.MacRelease|Any CPU.Build.0 = Release|Any CPU
		{8298EAB6-0586-4BDA-9483-83624B66B13A}.MacRelease|x86.ActiveCfg = Release|Any CPU
		{8298EAB6-0586-4BDA-9483-83624B66B13A}.MacRelease|x86.Build.0 = Release|Any CPU
		{8298EAB6-0586-4BDA-9483-83624B66B13A}.MacServerRelease|Any CPU.ActiveCfg = Release|Any CPU
		{8298EAB6-0586-4BDA-9483-83624B66B13A}.MacServerRelease|Any CPU.Build.0 = Release|Any CPU
		{8298EAB6-0586-4BDA-9483-83624B66B13A}.MacServerRelease|x86.ActiveCfg = Release|Any CPU
		{8298EAB6-0586-4BDA-9483-83624B66B13A}.MacServerRelease|x86.Build.0 = Release|Any CPU
		{8298EAB6-0586-4BDA-9483-83624B66B13A}.Release|Any CPU.ActiveCfg = Release|Any CPU
		{8298EAB6-0586-4BDA-9483-83624B66B13A}.Release|Any CPU.Build.0 = Release|Any CPU
		{8298EAB6-0586-4BDA-9483-83624B66B13A}.Release|x86.ActiveCfg = Release|Any CPU
		{8298EAB6-0586-4BDA-9483-83624B66B13A}.Release|x86.Build.0 = Release|Any CPU
		{8298EAB6-0586-4BDA-9483-83624B66B13A}.WindowsDebug|Any CPU.ActiveCfg = Debug|Any CPU
		{8298EAB6-0586-4BDA-9483-83624B66B13A}.WindowsDebug|Any CPU.Build.0 = Debug|Any CPU
		{8298EAB6-0586-4BDA-9483-83624B66B13A}.WindowsDebug|x86.ActiveCfg = Debug|Any CPU
		{8298EAB6-0586-4BDA-9483-83624B66B13A}.WindowsDebug|x86.Build.0 = Debug|Any CPU
		{8298EAB6-0586-4BDA-9483-83624B66B13A}.WindowsRelease|Any CPU.ActiveCfg = Release|Any CPU
		{8298EAB6-0586-4BDA-9483-83624B66B13A}.WindowsRelease|Any CPU.Build.0 = Release|Any CPU
		{8298EAB6-0586-4BDA-9483-83624B66B13A}.WindowsRelease|x86.ActiveCfg = Release|Any CPU
		{8298EAB6-0586-4BDA-9483-83624B66B13A}.WindowsRelease|x86.Build.0 = Release|Any CPU
		{8298EAB6-0586-4BDA-9483-83624B66B13A}.WindowsServerDebug|Any CPU.ActiveCfg = Debug|Any CPU
		{8298EAB6-0586-4BDA-9483-83624B66B13A}.WindowsServerDebug|Any CPU.Build.0 = Debug|Any CPU
		{8298EAB6-0586-4BDA-9483-83624B66B13A}.WindowsServerDebug|x86.ActiveCfg = Debug|Any CPU
		{8298EAB6-0586-4BDA-9483-83624B66B13A}.WindowsServerDebug|x86.Build.0 = Debug|Any CPU
		{8298EAB6-0586-4BDA-9483-83624B66B13A}.WindowsServerRelease|Any CPU.ActiveCfg = Release|Any CPU
		{8298EAB6-0586-4BDA-9483-83624B66B13A}.WindowsServerRelease|Any CPU.Build.0 = Release|Any CPU
		{8298EAB6-0586-4BDA-9483-83624B66B13A}.WindowsServerRelease|x86.ActiveCfg = Release|Any CPU
		{8298EAB6-0586-4BDA-9483-83624B66B13A}.WindowsServerRelease|x86.Build.0 = Release|Any CPU
		{F42F0562-13AC-47A3-BB02-AD6AB263445D}.Debug|Any CPU.ActiveCfg = Debug|Any CPU
		{F42F0562-13AC-47A3-BB02-AD6AB263445D}.Debug|Any CPU.Build.0 = Debug|Any CPU
		{F42F0562-13AC-47A3-BB02-AD6AB263445D}.Debug|x86.ActiveCfg = Debug|Any CPU
		{F42F0562-13AC-47A3-BB02-AD6AB263445D}.Debug|x86.Build.0 = Debug|Any CPU
		{F42F0562-13AC-47A3-BB02-AD6AB263445D}.LinuxRelease|Any CPU.ActiveCfg = Release|Any CPU
		{F42F0562-13AC-47A3-BB02-AD6AB263445D}.LinuxRelease|Any CPU.Build.0 = Release|Any CPU
		{F42F0562-13AC-47A3-BB02-AD6AB263445D}.LinuxRelease|x86.ActiveCfg = Release|Any CPU
		{F42F0562-13AC-47A3-BB02-AD6AB263445D}.LinuxRelease|x86.Build.0 = Release|Any CPU
		{F42F0562-13AC-47A3-BB02-AD6AB263445D}.LinuxServerRelease|Any CPU.ActiveCfg = Release|Any CPU
		{F42F0562-13AC-47A3-BB02-AD6AB263445D}.LinuxServerRelease|Any CPU.Build.0 = Release|Any CPU
		{F42F0562-13AC-47A3-BB02-AD6AB263445D}.LinuxServerRelease|x86.ActiveCfg = Release|Any CPU
		{F42F0562-13AC-47A3-BB02-AD6AB263445D}.LinuxServerRelease|x86.Build.0 = Release|Any CPU
		{F42F0562-13AC-47A3-BB02-AD6AB263445D}.MacRelease|Any CPU.ActiveCfg = Release|Any CPU
		{F42F0562-13AC-47A3-BB02-AD6AB263445D}.MacRelease|Any CPU.Build.0 = Release|Any CPU
		{F42F0562-13AC-47A3-BB02-AD6AB263445D}.MacRelease|x86.ActiveCfg = Release|Any CPU
		{F42F0562-13AC-47A3-BB02-AD6AB263445D}.MacRelease|x86.Build.0 = Release|Any CPU
		{F42F0562-13AC-47A3-BB02-AD6AB263445D}.MacServerRelease|Any CPU.ActiveCfg = Release|Any CPU
		{F42F0562-13AC-47A3-BB02-AD6AB263445D}.MacServerRelease|Any CPU.Build.0 = Release|Any CPU
		{F42F0562-13AC-47A3-BB02-AD6AB263445D}.MacServerRelease|x86.ActiveCfg = Release|Any CPU
		{F42F0562-13AC-47A3-BB02-AD6AB263445D}.MacServerRelease|x86.Build.0 = Release|Any CPU
		{F42F0562-13AC-47A3-BB02-AD6AB263445D}.Release|Any CPU.ActiveCfg = Release|Any CPU
		{F42F0562-13AC-47A3-BB02-AD6AB263445D}.Release|Any CPU.Build.0 = Release|Any CPU
		{F42F0562-13AC-47A3-BB02-AD6AB263445D}.Release|x86.ActiveCfg = Release|Any CPU
		{F42F0562-13AC-47A3-BB02-AD6AB263445D}.Release|x86.Build.0 = Release|Any CPU
		{F42F0562-13AC-47A3-BB02-AD6AB263445D}.WindowsDebug|Any CPU.ActiveCfg = Debug|Any CPU
		{F42F0562-13AC-47A3-BB02-AD6AB263445D}.WindowsDebug|Any CPU.Build.0 = Debug|Any CPU
		{F42F0562-13AC-47A3-BB02-AD6AB263445D}.WindowsDebug|x86.ActiveCfg = Debug|Any CPU
		{F42F0562-13AC-47A3-BB02-AD6AB263445D}.WindowsDebug|x86.Build.0 = Debug|Any CPU
		{F42F0562-13AC-47A3-BB02-AD6AB263445D}.WindowsRelease|Any CPU.ActiveCfg = Release|Any CPU
		{F42F0562-13AC-47A3-BB02-AD6AB263445D}.WindowsRelease|Any CPU.Build.0 = Release|Any CPU
		{F42F0562-13AC-47A3-BB02-AD6AB263445D}.WindowsRelease|x86.ActiveCfg = Release|Any CPU
		{F42F0562-13AC-47A3-BB02-AD6AB263445D}.WindowsRelease|x86.Build.0 = Release|Any CPU
		{F42F0562-13AC-47A3-BB02-AD6AB263445D}.WindowsServerDebug|Any CPU.ActiveCfg = Debug|Any CPU
		{F42F0562-13AC-47A3-BB02-AD6AB263445D}.WindowsServerDebug|Any CPU.Build.0 = Debug|Any CPU
		{F42F0562-13AC-47A3-BB02-AD6AB263445D}.WindowsServerDebug|x86.ActiveCfg = Debug|Any CPU
		{F42F0562-13AC-47A3-BB02-AD6AB263445D}.WindowsServerDebug|x86.Build.0 = Debug|Any CPU
		{F42F0562-13AC-47A3-BB02-AD6AB263445D}.WindowsServerRelease|Any CPU.ActiveCfg = Release|Any CPU
		{F42F0562-13AC-47A3-BB02-AD6AB263445D}.WindowsServerRelease|Any CPU.Build.0 = Release|Any CPU
		{F42F0562-13AC-47A3-BB02-AD6AB263445D}.WindowsServerRelease|x86.ActiveCfg = Release|Any CPU
		{F42F0562-13AC-47A3-BB02-AD6AB263445D}.WindowsServerRelease|x86.Build.0 = Release|Any CPU
		{C3A40F8D-535B-49C2-B2B9-96FFC96AB903}.Debug|Any CPU.ActiveCfg = Debug|Any CPU
		{C3A40F8D-535B-49C2-B2B9-96FFC96AB903}.Debug|Any CPU.Build.0 = Debug|Any CPU
		{C3A40F8D-535B-49C2-B2B9-96FFC96AB903}.Debug|x86.ActiveCfg = Debug|Any CPU
		{C3A40F8D-535B-49C2-B2B9-96FFC96AB903}.Debug|x86.Build.0 = Debug|Any CPU
		{C3A40F8D-535B-49C2-B2B9-96FFC96AB903}.LinuxRelease|Any CPU.ActiveCfg = Release|Any CPU
		{C3A40F8D-535B-49C2-B2B9-96FFC96AB903}.LinuxRelease|Any CPU.Build.0 = Release|Any CPU
		{C3A40F8D-535B-49C2-B2B9-96FFC96AB903}.LinuxRelease|x86.ActiveCfg = Release|Any CPU
		{C3A40F8D-535B-49C2-B2B9-96FFC96AB903}.LinuxRelease|x86.Build.0 = Release|Any CPU
		{C3A40F8D-535B-49C2-B2B9-96FFC96AB903}.LinuxServerRelease|Any CPU.ActiveCfg = Release|Any CPU
		{C3A40F8D-535B-49C2-B2B9-96FFC96AB903}.LinuxServerRelease|Any CPU.Build.0 = Release|Any CPU
		{C3A40F8D-535B-49C2-B2B9-96FFC96AB903}.LinuxServerRelease|x86.ActiveCfg = Release|Any CPU
		{C3A40F8D-535B-49C2-B2B9-96FFC96AB903}.LinuxServerRelease|x86.Build.0 = Release|Any CPU
		{C3A40F8D-535B-49C2-B2B9-96FFC96AB903}.MacRelease|Any CPU.ActiveCfg = Release|Any CPU
		{C3A40F8D-535B-49C2-B2B9-96FFC96AB903}.MacRelease|Any CPU.Build.0 = Release|Any CPU
		{C3A40F8D-535B-49C2-B2B9-96FFC96AB903}.MacRelease|x86.ActiveCfg = Release|Any CPU
		{C3A40F8D-535B-49C2-B2B9-96FFC96AB903}.MacRelease|x86.Build.0 = Release|Any CPU
		{C3A40F8D-535B-49C2-B2B9-96FFC96AB903}.MacServerRelease|Any CPU.ActiveCfg = Release|Any CPU
		{C3A40F8D-535B-49C2-B2B9-96FFC96AB903}.MacServerRelease|Any CPU.Build.0 = Release|Any CPU
		{C3A40F8D-535B-49C2-B2B9-96FFC96AB903}.MacServerRelease|x86.ActiveCfg = Release|Any CPU
		{C3A40F8D-535B-49C2-B2B9-96FFC96AB903}.MacServerRelease|x86.Build.0 = Release|Any CPU
		{C3A40F8D-535B-49C2-B2B9-96FFC96AB903}.Release|Any CPU.ActiveCfg = Release|Any CPU
		{C3A40F8D-535B-49C2-B2B9-96FFC96AB903}.Release|Any CPU.Build.0 = Release|Any CPU
		{C3A40F8D-535B-49C2-B2B9-96FFC96AB903}.Release|x86.ActiveCfg = Release|Any CPU
		{C3A40F8D-535B-49C2-B2B9-96FFC96AB903}.Release|x86.Build.0 = Release|Any CPU
		{C3A40F8D-535B-49C2-B2B9-96FFC96AB903}.WindowsDebug|Any CPU.ActiveCfg = Debug|Any CPU
		{C3A40F8D-535B-49C2-B2B9-96FFC96AB903}.WindowsDebug|Any CPU.Build.0 = Debug|Any CPU
		{C3A40F8D-535B-49C2-B2B9-96FFC96AB903}.WindowsDebug|x86.ActiveCfg = Debug|Any CPU
		{C3A40F8D-535B-49C2-B2B9-96FFC96AB903}.WindowsDebug|x86.Build.0 = Debug|Any CPU
		{C3A40F8D-535B-49C2-B2B9-96FFC96AB903}.WindowsRelease|Any CPU.ActiveCfg = Release|Any CPU
		{C3A40F8D-535B-49C2-B2B9-96FFC96AB903}.WindowsRelease|Any CPU.Build.0 = Release|Any CPU
		{C3A40F8D-535B-49C2-B2B9-96FFC96AB903}.WindowsRelease|x86.ActiveCfg = Release|Any CPU
		{C3A40F8D-535B-49C2-B2B9-96FFC96AB903}.WindowsRelease|x86.Build.0 = Release|Any CPU
		{C3A40F8D-535B-49C2-B2B9-96FFC96AB903}.WindowsServerDebug|Any CPU.ActiveCfg = Debug|Any CPU
		{C3A40F8D-535B-49C2-B2B9-96FFC96AB903}.WindowsServerDebug|Any CPU.Build.0 = Debug|Any CPU
		{C3A40F8D-535B-49C2-B2B9-96FFC96AB903}.WindowsServerDebug|x86.ActiveCfg = Debug|Any CPU
		{C3A40F8D-535B-49C2-B2B9-96FFC96AB903}.WindowsServerDebug|x86.Build.0 = Debug|Any CPU
		{C3A40F8D-535B-49C2-B2B9-96FFC96AB903}.WindowsServerRelease|Any CPU.ActiveCfg = Release|Any CPU
		{C3A40F8D-535B-49C2-B2B9-96FFC96AB903}.WindowsServerRelease|Any CPU.Build.0 = Release|Any CPU
		{C3A40F8D-535B-49C2-B2B9-96FFC96AB903}.WindowsServerRelease|x86.ActiveCfg = Release|Any CPU
		{C3A40F8D-535B-49C2-B2B9-96FFC96AB903}.WindowsServerRelease|x86.Build.0 = Release|Any CPU
		{3996D5FA-6E59-4FE4-9F2B-40EEEF9645D5}.Debug|Any CPU.ActiveCfg = LinuxServerRelease|x86
		{3996D5FA-6E59-4FE4-9F2B-40EEEF9645D5}.Debug|Any CPU.Build.0 = LinuxServerRelease|x86
		{3996D5FA-6E59-4FE4-9F2B-40EEEF9645D5}.Debug|x86.ActiveCfg = WindowsServerDebug|x86
		{3996D5FA-6E59-4FE4-9F2B-40EEEF9645D5}.Debug|x86.Build.0 = WindowsServerDebug|x86
		{3996D5FA-6E59-4FE4-9F2B-40EEEF9645D5}.LinuxRelease|Any CPU.ActiveCfg = LinuxRelease|x86
		{3996D5FA-6E59-4FE4-9F2B-40EEEF9645D5}.LinuxRelease|x86.ActiveCfg = LinuxRelease|x86
		{3996D5FA-6E59-4FE4-9F2B-40EEEF9645D5}.LinuxRelease|x86.Build.0 = LinuxRelease|x86
		{3996D5FA-6E59-4FE4-9F2B-40EEEF9645D5}.LinuxServerRelease|Any CPU.ActiveCfg = LinuxServerRelease|x86
		{3996D5FA-6E59-4FE4-9F2B-40EEEF9645D5}.LinuxServerRelease|x86.ActiveCfg = LinuxServerRelease|x86
		{3996D5FA-6E59-4FE4-9F2B-40EEEF9645D5}.LinuxServerRelease|x86.Build.0 = LinuxServerRelease|x86
		{3996D5FA-6E59-4FE4-9F2B-40EEEF9645D5}.MacRelease|Any CPU.ActiveCfg = MacRelease|x86
		{3996D5FA-6E59-4FE4-9F2B-40EEEF9645D5}.MacRelease|x86.ActiveCfg = MacRelease|x86
		{3996D5FA-6E59-4FE4-9F2B-40EEEF9645D5}.MacRelease|x86.Build.0 = MacRelease|x86
		{3996D5FA-6E59-4FE4-9F2B-40EEEF9645D5}.MacServerRelease|Any CPU.ActiveCfg = MacServerRelease|x86
		{3996D5FA-6E59-4FE4-9F2B-40EEEF9645D5}.MacServerRelease|x86.ActiveCfg = MacServerRelease|x86
		{3996D5FA-6E59-4FE4-9F2B-40EEEF9645D5}.MacServerRelease|x86.Build.0 = MacServerRelease|x86
		{3996D5FA-6E59-4FE4-9F2B-40EEEF9645D5}.Release|Any CPU.ActiveCfg = LinuxServerRelease|x86
		{3996D5FA-6E59-4FE4-9F2B-40EEEF9645D5}.Release|Any CPU.Build.0 = LinuxServerRelease|x86
		{3996D5FA-6E59-4FE4-9F2B-40EEEF9645D5}.Release|x86.ActiveCfg = LinuxServerRelease|x86
		{3996D5FA-6E59-4FE4-9F2B-40EEEF9645D5}.Release|x86.Build.0 = LinuxServerRelease|x86
		{3996D5FA-6E59-4FE4-9F2B-40EEEF9645D5}.WindowsDebug|Any CPU.ActiveCfg = WindowsDebug|x86
		{3996D5FA-6E59-4FE4-9F2B-40EEEF9645D5}.WindowsDebug|x86.ActiveCfg = WindowsDebug|x86
		{3996D5FA-6E59-4FE4-9F2B-40EEEF9645D5}.WindowsDebug|x86.Build.0 = WindowsDebug|x86
		{3996D5FA-6E59-4FE4-9F2B-40EEEF9645D5}.WindowsRelease|Any CPU.ActiveCfg = WindowsRelease|x86
		{3996D5FA-6E59-4FE4-9F2B-40EEEF9645D5}.WindowsRelease|x86.ActiveCfg = WindowsRelease|x86
		{3996D5FA-6E59-4FE4-9F2B-40EEEF9645D5}.WindowsRelease|x86.Build.0 = WindowsRelease|x86
		{3996D5FA-6E59-4FE4-9F2B-40EEEF9645D5}.WindowsServerDebug|Any CPU.ActiveCfg = WindowsServerDebug|x86
		{3996D5FA-6E59-4FE4-9F2B-40EEEF9645D5}.WindowsServerDebug|x86.ActiveCfg = WindowsServerDebug|x86
		{3996D5FA-6E59-4FE4-9F2B-40EEEF9645D5}.WindowsServerDebug|x86.Build.0 = WindowsServerDebug|x86
		{3996D5FA-6E59-4FE4-9F2B-40EEEF9645D5}.WindowsServerRelease|Any CPU.ActiveCfg = WindowsServerRelease|x86
		{3996D5FA-6E59-4FE4-9F2B-40EEEF9645D5}.WindowsServerRelease|x86.ActiveCfg = WindowsServerRelease|x86
		{3996D5FA-6E59-4FE4-9F2B-40EEEF9645D5}.WindowsServerRelease|x86.Build.0 = WindowsServerRelease|x86
	EndGlobalSection
	GlobalSection(SolutionProperties) = preSolution
		HideSolutionNode = FALSE
	EndGlobalSection
EndGlobal
