
Microsoft Visual Studio Solution File, Format Version 12.00
# Visual Studio 14
VisualStudioVersion = 14.0.25420.1
MinimumVisualStudioVersion = 10.0.40219.1
Project("{FAE04EC0-301F-11D3-BF4B-00C04F79EFBC}") = "Shockah.OverwatchHealth", "Shockah.OverwatchHealth\Shockah.OverwatchHealth.csproj", "{8298EAB6-0586-4BDA-9483-83624B66B13A}"
EndProject
Project("{FAE04EC0-301F-11D3-BF4B-00C04F79EFBC}") = "Shockah.Affix", "Shockah.ItemAffix\Shockah.Affix.csproj", "{F42F0562-13AC-47A3-BB02-AD6AB263445D}"
EndProject
Global
	GlobalSection(SolutionConfigurationPlatforms) = preSolution
		Debug|x86 = Debug|x86
		Release|x86 = Release|x86
	EndGlobalSection
	GlobalSection(ProjectConfigurationPlatforms) = postSolution
		{8298EAB6-0586-4BDA-9483-83624B66B13A}.Debug|x86.ActiveCfg = Debug|Any CPU
		{8298EAB6-0586-4BDA-9483-83624B66B13A}.Debug|x86.Build.0 = Debug|Any CPU
		{8298EAB6-0586-4BDA-9483-83624B66B13A}.Release|x86.ActiveCfg = Release|Any CPU
		{8298EAB6-0586-4BDA-9483-83624B66B13A}.Release|x86.Build.0 = Release|Any CPU
		{F42F0562-13AC-47A3-BB02-AD6AB263445D}.Debug|x86.ActiveCfg = Debug|Any CPU
		{F42F0562-13AC-47A3-BB02-AD6AB263445D}.Debug|x86.Build.0 = Debug|Any CPU
		{F42F0562-13AC-47A3-BB02-AD6AB263445D}.Release|x86.ActiveCfg = Release|Any CPU
		{F42F0562-13AC-47A3-BB02-AD6AB263445D}.Release|x86.Build.0 = Release|Any CPU
	EndGlobalSection
	GlobalSection(SolutionProperties) = preSolution
		HideSolutionNode = FALSE
	EndGlobalSection
EndGlobal
