
Microsoft Visual Studio Solution File, Format Version 12.00
# Visual Studio 15
VisualStudioVersion = 15.0.26228.4
MinimumVisualStudioVersion = 10.0.40219.1
Project("{FAE04EC0-301F-11D3-BF4B-00C04F79EFBC}") = "Shockah.OverwatchHealth", "Shockah.OverwatchHealth\Shockah.OverwatchHealth.csproj", "{8298EAB6-0586-4BDA-9483-83624B66B13A}"
EndProject
Project("{FAE04EC0-301F-11D3-BF4B-00C04F79EFBC}") = "Shockah.ItemAffix", "Shockah.ItemAffix\Shockah.ItemAffix.csproj", "{F42F0562-13AC-47A3-BB02-AD6AB263445D}"
EndProject
Project("{FAE04EC0-301F-11D3-BF4B-00C04F79EFBC}") = "Shockah.Utils", "Shockah.Utils\Shockah.Utils.csproj", "{C3A40F8D-535B-49C2-B2B9-96FFC96AB903}"
EndProject
Global
	GlobalSection(SolutionConfigurationPlatforms) = preSolution
		Debug|Any CPU = Debug|Any CPU
		Debug|x86 = Debug|x86
		LinuxRelease|Any CPU = LinuxRelease|Any CPU
		LinuxRelease|x86 = LinuxRelease|x86
		LinuxServerRelease|Any CPU = LinuxServerRelease|Any CPU
		LinuxServerRelease|x86 = LinuxServerRelease|x86
		MacRelease|Any CPU = MacRelease|Any CPU
		MacRelease|x86 = MacRelease|x86
		MacServerRelease|Any CPU = MacServerRelease|Any CPU
		MacServerRelease|x86 = MacServerRelease|x86
		Release|Any CPU = Release|Any CPU
		Release|x86 = Release|x86
		WindowsDebug|Any CPU = WindowsDebug|Any CPU
		WindowsDebug|x86 = WindowsDebug|x86
		WindowsRelease|Any CPU = WindowsRelease|Any CPU
		WindowsRelease|x86 = WindowsRelease|x86
		WindowsServerDebug|Any CPU = WindowsServerDebug|Any CPU
		WindowsServerDebug|x86 = WindowsServerDebug|x86
		WindowsServerRelease|Any CPU = WindowsServerRelease|Any CPU
		WindowsServerRelease|x86 = WindowsServerRelease|x86
	EndGlobalSection
	GlobalSection(ProjectConfigurationPlatforms) = postSolution
		{8298EAB6-0586-4BDA-9483-83624B66B13A}.Debug|Any CPU.ActiveCfg = Debug|Any CPU
		{8298EAB6-0586-4BDA-9483-83624B66B13A}.Debug|Any CPU.Build.0 = Debug|Any CPU
		{8298EAB6-0586-4BDA-9483-83624B66B13A}.Debug|x86.ActiveCfg = Debug|Any CPU
		{8298EAB6-0586-4BDA-9483-83624B66B13A}.Debug|x86.Build.0 = Debug|Any CPU
		{8298EAB6-0586-4BDA-9483-83624B66B13A}.LinuxRelease|Any CPU.ActiveCfg = Release|Any CPU
		{8298EAB6-0586-4BDA-9483-83624B66B13A}.LinuxRelease|Any CPU.Build.0 = Release|Any CPU
		{8298EAB6-0586-4BDA-9483-83624B66B13A}.LinuxRelease|x86.ActiveCfg = Release|Any CPU
		{8298EAB6-0586-4BDA-9483-83624B66B13A}.LinuxRelease|x86.Build.0 = Release|Any CPU
		{8298EAB6-0586-4BDA-9483-83624B66B13A}.LinuxServerRelease|Any CPU.ActiveCfg = Release|Any CPU
		{8298EAB6-0586-4BDA-9483-83624B66B13A}.LinuxServerRelease|Any CPU.Build.0 = Release|Any CPU
		{8298EAB6-0586-4BDA-9483-83624B66B13A}.LinuxServerRelease|x86.ActiveCfg = Release|Any CPU
		{8298EAB6-0586-4BDA-9483-83624B66B13A}.LinuxServerRelease|x86.Build.0 = Release|Any CPU
		{8298EAB6-0586-4BDA-9483-83624B66B13A}.MacRelease|Any CPU.ActiveCfg = Release|Any CPU
		{8298EAB6-0586-4BDA-9483-83624B66B13A}.MacRelease|Any CPU.Build.0 = Release|Any CPU
		{8298EAB6-0586-4BDA-9483-83624B66B13A}.MacRelease|x86.ActiveCfg = Release|Any CPU
		{8298EAB6-0586-4BDA-9483-83624B66B13A}.MacRelease|x86.Build.0 = Release|Any CPU
		{8298EAB6-0586-4BDA-9483-83624B66B13A}.MacServerRelease|Any CPU.ActiveCfg = Release|Any CPU
		{8298EAB6-0586-4BDA-9483-83624B66B13A}.MacServerRelease|Any CPU.Build.0 = Release|Any CPU
		{8298EAB6-0586-4BDA-9483-83624B66B13A}.MacServerRelease|x86.ActiveCfg = Release|Any CPU
		{8298EAB6-0586-4BDA-9483-83624B66B13A}.MacServerRelease|x86.Build.0 = Release|Any CPU
		{8298EAB6-0586-4BDA-9483-83624B66B13A}.Release|Any CPU.ActiveCfg = Release|Any CPU
		{8298EAB6-0586-4BDA-9483-83624B66B13A}.Release|Any CPU.Build.0 = Release|Any CPU
		{8298EAB6-0586-4BDA-9483-83624B66B13A}.Release|x86.ActiveCfg = Release|Any CPU
		{8298EAB6-0586-4BDA-9483-83624B66B13A}.Release|x86.Build.0 = Release|Any CPU
		{8298EAB6-0586-4BDA-9483-83624B66B13A}.WindowsDebug|Any CPU.ActiveCfg = Debug|Any CPU
		{8298EAB6-0586-4BDA-9483-83624B66B13A}.WindowsDebug|Any CPU.Build.0 = Debug|Any CPU
		{8298EAB6-0586-4BDA-9483-83624B66B13A}.WindowsDebug|x86.ActiveCfg = Debug|Any CPU
		{8298EAB6-0586-4BDA-9483-83624B66B13A}.WindowsDebug|x86.Build.0 = Debug|Any CPU
		{8298EAB6-0586-4BDA-9483-83624B66B13A}.WindowsRelease|Any CPU.ActiveCfg = Release|Any CPU
		{8298EAB6-0586-4BDA-9483-83624B66B13A}.WindowsRelease|Any CPU.Build.0 = Release|Any CPU
		{8298EAB6-0586-4BDA-9483-83624B66B13A}.WindowsRelease|x86.ActiveCfg = Release|Any CPU
		{8298EAB6-0586-4BDA-9483-83624B66B13A}.WindowsRelease|x86.Build.0 = Release|Any CPU
		{8298EAB6-0586-4BDA-9483-83624B66B13A}.WindowsServerDebug|Any CPU.ActiveCfg = Debug|Any CPU
		{8298EAB6-0586-4BDA-9483-83624B66B13A}.WindowsServerDebug|Any CPU.Build.0 = Debug|Any CPU
		{8298EAB6-0586-4BDA-9483-83624B66B13A}.WindowsServerDebug|x86.ActiveCfg = Debug|Any CPU
		{8298EAB6-0586-4BDA-9483-83624B66B13A}.WindowsServerDebug|x86.Build.0 = Debug|Any CPU
		{8298EAB6-0586-4BDA-9483-83624B66B13A}.WindowsServerRelease|Any CPU.ActiveCfg = Release|Any CPU
		{8298EAB6-0586-4BDA-9483-83624B66B13A}.WindowsServerRelease|Any CPU.Build.0 = Release|Any CPU
		{8298EAB6-0586-4BDA-9483-83624B66B13A}.WindowsServerRelease|x86.ActiveCfg = Release|Any CPU
		{8298EAB6-0586-4BDA-9483-83624B66B13A}.WindowsServerRelease|x86.Build.0 = Release|Any CPU
		{F42F0562-13AC-47A3-BB02-AD6AB263445D}.Debug|Any CPU.ActiveCfg = Debug|Any CPU
		{F42F0562-13AC-47A3-BB02-AD6AB263445D}.Debug|Any CPU.Build.0 = Debug|Any CPU
		{F42F0562-13AC-47A3-BB02-AD6AB263445D}.Debug|x86.ActiveCfg = Debug|Any CPU
		{F42F0562-13AC-47A3-BB02-AD6AB263445D}.Debug|x86.Build.0 = Debug|Any CPU
		{F42F0562-13AC-47A3-BB02-AD6AB263445D}.LinuxRelease|Any CPU.ActiveCfg = Release|Any CPU
		{F42F0562-13AC-47A3-BB02-AD6AB263445D}.LinuxRelease|Any CPU.Build.0 = Release|Any CPU
		{F42F0562-13AC-47A3-BB02-AD6AB263445D}.LinuxRelease|x86.ActiveCfg = Release|Any CPU
		{F42F0562-13AC-47A3-BB02-AD6AB263445D}.LinuxRelease|x86.Build.0 = Release|Any CPU
		{F42F0562-13AC-47A3-BB02-AD6AB263445D}.LinuxServerRelease|Any CPU.ActiveCfg = Release|Any CPU
		{F42F0562-13AC-47A3-BB02-AD6AB263445D}.LinuxServerRelease|Any CPU.Build.0 = Release|Any CPU
		{F42F0562-13AC-47A3-BB02-AD6AB263445D}.LinuxServerRelease|x86.ActiveCfg = Release|Any CPU
		{F42F0562-13AC-47A3-BB02-AD6AB263445D}.LinuxServerRelease|x86.Build.0 = Release|Any CPU
		{F42F0562-13AC-47A3-BB02-AD6AB263445D}.MacRelease|Any CPU.ActiveCfg = Release|Any CPU
		{F42F0562-13AC-47A3-BB02-AD6AB263445D}.MacRelease|Any CPU.Build.0 = Release|Any CPU
		{F42F0562-13AC-47A3-BB02-AD6AB263445D}.MacRelease|x86.ActiveCfg = Release|Any CPU
		{F42F0562-13AC-47A3-BB02-AD6AB263445D}.MacRelease|x86.Build.0 = Release|Any CPU
		{F42F0562-13AC-47A3-BB02-AD6AB263445D}.MacServerRelease|Any CPU.ActiveCfg = Release|Any CPU
		{F42F0562-13AC-47A3-BB02-AD6AB263445D}.MacServerRelease|Any CPU.Build.0 = Release|Any CPU
		{F42F0562-13AC-47A3-BB02-AD6AB263445D}.MacServerRelease|x86.ActiveCfg = Release|Any CPU
		{F42F0562-13AC-47A3-BB02-AD6AB263445D}.MacServerRelease|x86.Build.0 = Release|Any CPU
		{F42F0562-13AC-47A3-BB02-AD6AB263445D}.Release|Any CPU.ActiveCfg = Release|Any CPU
		{F42F0562-13AC-47A3-BB02-AD6AB263445D}.Release|Any CPU.Build.0 = Release|Any CPU
		{F42F0562-13AC-47A3-BB02-AD6AB263445D}.Release|x86.ActiveCfg = Release|Any CPU
		{F42F0562-13AC-47A3-BB02-AD6AB263445D}.Release|x86.Build.0 = Release|Any CPU
		{F42F0562-13AC-47A3-BB02-AD6AB263445D}.WindowsDebug|Any CPU.ActiveCfg = Debug|Any CPU
		{F42F0562-13AC-47A3-BB02-AD6AB263445D}.WindowsDebug|Any CPU.Build.0 = Debug|Any CPU
		{F42F0562-13AC-47A3-BB02-AD6AB263445D}.WindowsDebug|x86.ActiveCfg = Debug|Any CPU
		{F42F0562-13AC-47A3-BB02-AD6AB263445D}.WindowsDebug|x86.Build.0 = Debug|Any CPU
		{F42F0562-13AC-47A3-BB02-AD6AB263445D}.WindowsRelease|Any CPU.ActiveCfg = Release|Any CPU
		{F42F0562-13AC-47A3-BB02-AD6AB263445D}.WindowsRelease|Any CPU.Build.0 = Release|Any CPU
		{F42F0562-13AC-47A3-BB02-AD6AB263445D}.WindowsRelease|x86.ActiveCfg = Release|Any CPU
		{F42F0562-13AC-47A3-BB02-AD6AB263445D}.WindowsRelease|x86.Build.0 = Release|Any CPU
		{F42F0562-13AC-47A3-BB02-AD6AB263445D}.WindowsServerDebug|Any CPU.ActiveCfg = Debug|Any CPU
		{F42F0562-13AC-47A3-BB02-AD6AB263445D}.WindowsServerDebug|Any CPU.Build.0 = Debug|Any CPU
		{F42F0562-13AC-47A3-BB02-AD6AB263445D}.WindowsServerDebug|x86.ActiveCfg = Debug|Any CPU
		{F42F0562-13AC-47A3-BB02-AD6AB263445D}.WindowsServerDebug|x86.Build.0 = Debug|Any CPU
		{F42F0562-13AC-47A3-BB02-AD6AB263445D}.WindowsServerRelease|Any CPU.ActiveCfg = Release|Any CPU
		{F42F0562-13AC-47A3-BB02-AD6AB263445D}.WindowsServerRelease|Any CPU.Build.0 = Release|Any CPU
		{F42F0562-13AC-47A3-BB02-AD6AB263445D}.WindowsServerRelease|x86.ActiveCfg = Release|Any CPU
		{F42F0562-13AC-47A3-BB02-AD6AB263445D}.WindowsServerRelease|x86.Build.0 = Release|Any CPU
		{C3A40F8D-535B-49C2-B2B9-96FFC96AB903}.Debug|Any CPU.ActiveCfg = Debug|Any CPU
		{C3A40F8D-535B-49C2-B2B9-96FFC96AB903}.Debug|Any CPU.Build.0 = Debug|Any CPU
		{C3A40F8D-535B-49C2-B2B9-96FFC96AB903}.Debug|x86.ActiveCfg = Debug|Any CPU
		{C3A40F8D-535B-49C2-B2B9-96FFC96AB903}.Debug|x86.Build.0 = Debug|Any CPU
		{C3A40F8D-535B-49C2-B2B9-96FFC96AB903}.LinuxRelease|Any CPU.ActiveCfg = Release|Any CPU
		{C3A40F8D-535B-49C2-B2B9-96FFC96AB903}.LinuxRelease|Any CPU.Build.0 = Release|Any CPU
		{C3A40F8D-535B-49C2-B2B9-96FFC96AB903}.LinuxRelease|x86.ActiveCfg = Release|Any CPU
		{C3A40F8D-535B-49C2-B2B9-96FFC96AB903}.LinuxRelease|x86.Build.0 = Release|Any CPU
		{C3A40F8D-535B-49C2-B2B9-96FFC96AB903}.LinuxServerRelease|Any CPU.ActiveCfg = Release|Any CPU
		{C3A40F8D-535B-49C2-B2B9-96FFC96AB903}.LinuxServerRelease|Any CPU.Build.0 = Release|Any CPU
		{C3A40F8D-535B-49C2-B2B9-96FFC96AB903}.LinuxServerRelease|x86.ActiveCfg = Release|Any CPU
		{C3A40F8D-535B-49C2-B2B9-96FFC96AB903}.LinuxServerRelease|x86.Build.0 = Release|Any CPU
		{C3A40F8D-535B-49C2-B2B9-96FFC96AB903}.MacRelease|Any CPU.ActiveCfg = Release|Any CPU
		{C3A40F8D-535B-49C2-B2B9-96FFC96AB903}.MacRelease|Any CPU.Build.0 = Release|Any CPU
		{C3A40F8D-535B-49C2-B2B9-96FFC96AB903}.MacRelease|x86.ActiveCfg = Release|Any CPU
		{C3A40F8D-535B-49C2-B2B9-96FFC96AB903}.MacRelease|x86.Build.0 = Release|Any CPU
		{C3A40F8D-535B-49C2-B2B9-96FFC96AB903}.MacServerRelease|Any CPU.ActiveCfg = Release|Any CPU
		{C3A40F8D-535B-49C2-B2B9-96FFC96AB903}.MacServerRelease|Any CPU.Build.0 = Release|Any CPU
		{C3A40F8D-535B-49C2-B2B9-96FFC96AB903}.MacServerRelease|x86.ActiveCfg = Release|Any CPU
		{C3A40F8D-535B-49C2-B2B9-96FFC96AB903}.MacServerRelease|x86.Build.0 = Release|Any CPU
		{C3A40F8D-535B-49C2-B2B9-96FFC96AB903}.Release|Any CPU.ActiveCfg = Release|Any CPU
		{C3A40F8D-535B-49C2-B2B9-96FFC96AB903}.Release|Any CPU.Build.0 = Release|Any CPU
		{C3A40F8D-535B-49C2-B2B9-96FFC96AB903}.Release|x86.ActiveCfg = Release|Any CPU
		{C3A40F8D-535B-49C2-B2B9-96FFC96AB903}.Release|x86.Build.0 = Release|Any CPU
		{C3A40F8D-535B-49C2-B2B9-96FFC96AB903}.WindowsDebug|Any CPU.ActiveCfg = Debug|Any CPU
		{C3A40F8D-535B-49C2-B2B9-96FFC96AB903}.WindowsDebug|Any CPU.Build.0 = Debug|Any CPU
		{C3A40F8D-535B-49C2-B2B9-96FFC96AB903}.WindowsDebug|x86.ActiveCfg = Debug|Any CPU
		{C3A40F8D-535B-49C2-B2B9-96FFC96AB903}.WindowsDebug|x86.Build.0 = Debug|Any CPU
		{C3A40F8D-535B-49C2-B2B9-96FFC96AB903}.WindowsRelease|Any CPU.ActiveCfg = Release|Any CPU
		{C3A40F8D-535B-49C2-B2B9-96FFC96AB903}.WindowsRelease|Any CPU.Build.0 = Release|Any CPU
		{C3A40F8D-535B-49C2-B2B9-96FFC96AB903}.WindowsRelease|x86.ActiveCfg = Release|Any CPU
		{C3A40F8D-535B-49C2-B2B9-96FFC96AB903}.WindowsRelease|x86.Build.0 = Release|Any CPU
		{C3A40F8D-535B-49C2-B2B9-96FFC96AB903}.WindowsServerDebug|Any CPU.ActiveCfg = Debug|Any CPU
		{C3A40F8D-535B-49C2-B2B9-96FFC96AB903}.WindowsServerDebug|Any CPU.Build.0 = Debug|Any CPU
		{C3A40F8D-535B-49C2-B2B9-96FFC96AB903}.WindowsServerDebug|x86.ActiveCfg = Debug|Any CPU
		{C3A40F8D-535B-49C2-B2B9-96FFC96AB903}.WindowsServerDebug|x86.Build.0 = Debug|Any CPU
		{C3A40F8D-535B-49C2-B2B9-96FFC96AB903}.WindowsServerRelease|Any CPU.ActiveCfg = Release|Any CPU
		{C3A40F8D-535B-49C2-B2B9-96FFC96AB903}.WindowsServerRelease|Any CPU.Build.0 = Release|Any CPU
		{C3A40F8D-535B-49C2-B2B9-96FFC96AB903}.WindowsServerRelease|x86.ActiveCfg = Release|Any CPU
		{C3A40F8D-535B-49C2-B2B9-96FFC96AB903}.WindowsServerRelease|x86.Build.0 = Release|Any CPU
	EndGlobalSection
	GlobalSection(SolutionProperties) = preSolution
		HideSolutionNode = FALSE
	EndGlobalSection
	GlobalSection(MonoDevelopProperties) = preSolution
		Policies = $0
		$0.DotNetNamingPolicy = $1
		$1.DirectoryNamespaceAssociation = None
		$1.ResourceNamePolicy = FileFormatDefault
		$0.StandardHeader = $2
		$2.Text = 
		$2.IncludeInNewFiles = True
		$0.NameConventionPolicy = $3
		$3.Rules = $4
		$4.NamingRule = $5
		$5.Name = Namespaces
		$5.AffectedEntity = Namespace
		$5.VisibilityMask = VisibilityMask
		$5.NamingStyle = PascalCase
		$5.IncludeInstanceMembers = True
		$5.IncludeStaticEntities = True
		$4.NamingRule = $6
		$6.Name = Types
		$6.AffectedEntity = Class, Struct, Enum, Delegate
		$6.VisibilityMask = Public
		$6.NamingStyle = PascalCase
		$6.IncludeInstanceMembers = True
		$6.IncludeStaticEntities = True
		$4.NamingRule = $7
		$7.Name = Interfaces
		$7.RequiredPrefixes = $8
		$8.String = I
		$7.AffectedEntity = Interface
		$7.VisibilityMask = Public
		$7.NamingStyle = PascalCase
		$7.IncludeInstanceMembers = True
		$7.IncludeStaticEntities = True
		$4.NamingRule = $9
		$9.Name = Attributes
		$9.RequiredSuffixes = $10
		$10.String = Attribute
		$9.AffectedEntity = CustomAttributes
		$9.VisibilityMask = Public
		$9.NamingStyle = PascalCase
		$9.IncludeInstanceMembers = True
		$9.IncludeStaticEntities = True
		$4.NamingRule = $11
		$11.Name = Event Arguments
		$11.RequiredSuffixes = $12
		$12.String = EventArgs
		$11.AffectedEntity = CustomEventArgs
		$11.VisibilityMask = Public
		$11.NamingStyle = PascalCase
		$11.IncludeInstanceMembers = True
		$11.IncludeStaticEntities = True
		$4.NamingRule = $13
		$13.Name = Exceptions
		$13.RequiredSuffixes = $14
		$14.String = Exception
		$13.AffectedEntity = CustomExceptions
		$13.VisibilityMask = VisibilityMask
		$13.NamingStyle = PascalCase
		$13.IncludeInstanceMembers = True
		$13.IncludeStaticEntities = True
		$4.NamingRule = $15
		$15.Name = Methods
		$15.AffectedEntity = Methods
		$15.VisibilityMask = Protected, Public
		$15.NamingStyle = PascalCase
		$15.IncludeInstanceMembers = True
		$15.IncludeStaticEntities = True
		$4.NamingRule = $16
		$16.Name = Static Readonly Fields
		$16.AffectedEntity = ReadonlyField
		$16.VisibilityMask = Protected, Public
		$16.NamingStyle = PascalCase
		$16.IncludeInstanceMembers = False
		$16.IncludeStaticEntities = True
		$4.NamingRule = $17
		$17.Name = Fields
		$17.AffectedEntity = Field
		$17.VisibilityMask = Protected, Public
		$17.NamingStyle = PascalCase
		$17.IncludeInstanceMembers = True
		$17.IncludeStaticEntities = True
		$4.NamingRule = $18
		$18.Name = ReadOnly Fields
		$18.AffectedEntity = ReadonlyField
		$18.VisibilityMask = Protected, Public
		$18.NamingStyle = PascalCase
		$18.IncludeInstanceMembers = True
		$18.IncludeStaticEntities = False
		$4.NamingRule = $19
		$19.Name = Constant Fields
		$19.AffectedEntity = ConstantField
		$19.VisibilityMask = Protected, Public
		$19.NamingStyle = PascalCase
		$19.IncludeInstanceMembers = True
		$19.IncludeStaticEntities = True
		$4.NamingRule = $20
		$20.Name = Properties
		$20.AffectedEntity = Property
		$20.VisibilityMask = Protected, Public
		$20.NamingStyle = PascalCase
		$20.IncludeInstanceMembers = True
		$20.IncludeStaticEntities = True
		$4.NamingRule = $21
		$21.Name = Events
		$21.AffectedEntity = Event
		$21.VisibilityMask = Protected, Public
		$21.NamingStyle = PascalCase
		$21.IncludeInstanceMembers = True
		$21.IncludeStaticEntities = True
		$4.NamingRule = $22
		$22.Name = Enum Members
		$22.AffectedEntity = EnumMember
		$22.VisibilityMask = VisibilityMask
		$22.NamingStyle = PascalCase
		$22.IncludeInstanceMembers = True
		$22.IncludeStaticEntities = True
		$4.NamingRule = $23
		$23.Name = Parameters
		$23.AffectedEntity = Parameter
		$23.VisibilityMask = VisibilityMask
		$23.NamingStyle = CamelCase
		$23.IncludeInstanceMembers = True
		$23.IncludeStaticEntities = True
		$4.NamingRule = $24
		$24.Name = Type Parameters
		$24.RequiredPrefixes = $25
		$25.String = T
		$24.AffectedEntity = TypeParameter
		$24.VisibilityMask = VisibilityMask
		$24.NamingStyle = PascalCase
		$24.IncludeInstanceMembers = True
		$24.IncludeStaticEntities = True
		$0.VersionControlPolicy = $26
		$26.inheritsSet = Mono
	EndGlobalSection
EndGlobal
